# This file is automatically @generated by Cargo.
# It is not intended for manual editing.
version = 3

[[package]]
name = "aoc-2024-day-20"
version = "0.1.0"
dependencies = [
 "utf8-box-builder",
]

[[package]]
name = "utf8-box-builder"
version = "0.1.0"
source = "git+https://github.com/valyntyler/utf8-box-builder.git#0254b38944badff476168130310df864ec1b6460"
